{
  "originHash" : "3e6a7fd998f4492a45fb20f7e03f4e3da356f1b7c2824dcab5914be65fb98fee",
  "pins" : [
    {
      "identity" : "bigint",
      "kind" : "remoteSourceControl",
      "location" : "https://github.com/attaswift/BigInt.git",
      "state" : {
        "revision" : "e07e00fa1fd435143a2dcf8b7eec9a7710b2fdfe",
        "version" : "5.7.0"
      }
    },
    {
      "identity" : "linenoise-swift",
      "kind" : "remoteSourceControl",
      "location" : "https://github.com/andybest/linenoise-swift.git",
      "state" : {
        "revision" : "cbf0a35c6e159e4fe6a03f76c8a17ef08e907b0e"
      }
    },
    {
      "identity" : "nimble",
      "kind" : "remoteSourceControl",
      "location" : "https://github.com/Quick/Nimble.git",
      "state" : {
        "revision" : "7a46a5fc86cb917f69e3daf79fcb045283d8f008",
        "version" : "8.1.2"
      }
    }
  ],
  "version" : 3
}
